# This file is autogenerated, do not edit; changes may be undone by the next 'dep ensure'.


[[projects]]
  name = "github.com/PuerkitoBio/goquery"
  packages = ["."]
  revision = "dc2ec5c7ca4d9aae063b79b9f581dd3ea6afd2b2"
  version = "v1.4.1"

[[projects]]
  name = "github.com/andybalholm/cascadia"
  packages = ["."]
  revision = "901648c87902174f774fac311d7f176f8647bdaa"
  version = "v1.0.0"

[[projects]]
  branch = "master"
  name = "github.com/henryroyal/bls"
  packages = [
    "series",
    "series/employment",
    "series/injuries",
    "series/international",
    "series/occupations",
    "series/pay",
    "series/prices",
    "series/productivity",
    "series/spending"
  ]
  revision = "1900f0373e30e4c6c7a756cc816736bb4fd59bc8"

[[projects]]
  branch = "master"
  name = "golang.org/x/net"
  packages = [
    "html",
    "html/atom"
  ]
  revision = "db08ff08e8622530d9ed3a0e8ac279f6d4c02196"

[solve-meta]
  analyzer-name = "dep"
  analyzer-version = 1
  inputs-digest = "010cb6754fc1cc295cf9f877b669e15803029642c960d19af0a6d92208970e73"
  solver-name = "gps-cdcl"
  solver-version = 1
